
Microsoft Visual Studio Solution File, Format Version 12.00
# Visual Studio 15
VisualStudioVersion = 15.0.28307.329
MinimumVisualStudioVersion = 10.0.40219.1
Project("{FAE04EC0-301F-11D3-BF4B-00C04F79EFBC}") = "HelperLibrary", "HelperLibrary\HelperLibrary.csproj", "{72ACCF99-1877-4999-9AD8-ECFA4233BB87}"
EndProject
Project("{FAE04EC0-301F-11D3-BF4B-00C04F79EFBC}") = "TestConsole", "TestConsole\TestConsole.csproj", "{513F9645-C7A0-431F-B7E7-1FA4C837013B}"
EndProject
Project("{FAE04EC0-301F-11D3-BF4B-00C04F79EFBC}") = "HelperLibrary_DotNetSTD", "HelperLibrary_DotNetCore\HelperLibrary_DotNetSTD.csproj", "{947AA5BF-4EB7-4B02-A2B9-832F2C8D5887}"
EndProject
Global
	GlobalSection(SolutionConfigurationPlatforms) = preSolution
		Debug|Any CPU = Debug|Any CPU
		Release|Any CPU = Release|Any CPU
	EndGlobalSection
	GlobalSection(ProjectConfigurationPlatforms) = postSolution
		{72ACCF99-1877-4999-9AD8-ECFA4233BB87}.Debug|Any CPU.ActiveCfg = Debug|Any CPU
		{72ACCF99-1877-4999-9AD8-ECFA4233BB87}.Debug|Any CPU.Build.0 = Debug|Any CPU
		{72ACCF99-1877-4999-9AD8-ECFA4233BB87}.Release|Any CPU.ActiveCfg = Release|Any CPU
		{72ACCF99-1877-4999-9AD8-ECFA4233BB87}.Release|Any CPU.Build.0 = Release|Any CPU
		{513F9645-C7A0-431F-B7E7-1FA4C837013B}.Debug|Any CPU.ActiveCfg = Debug|Any CPU
		{513F9645-C7A0-431F-B7E7-1FA4C837013B}.Debug|Any CPU.Build.0 = Debug|Any CPU
		{513F9645-C7A0-431F-B7E7-1FA4C837013B}.Release|Any CPU.ActiveCfg = Release|Any CPU
		{513F9645-C7A0-431F-B7E7-1FA4C837013B}.Release|Any CPU.Build.0 = Release|Any CPU
		{947AA5BF-4EB7-4B02-A2B9-832F2C8D5887}.Debug|Any CPU.ActiveCfg = Debug|Any CPU
		{947AA5BF-4EB7-4B02-A2B9-832F2C8D5887}.Debug|Any CPU.Build.0 = Debug|Any CPU
		{947AA5BF-4EB7-4B02-A2B9-832F2C8D5887}.Release|Any CPU.ActiveCfg = Release|Any CPU
		{947AA5BF-4EB7-4B02-A2B9-832F2C8D5887}.Release|Any CPU.Build.0 = Release|Any CPU
	EndGlobalSection
	GlobalSection(SolutionProperties) = preSolution
		HideSolutionNode = FALSE
	EndGlobalSection
	GlobalSection(ExtensibilityGlobals) = postSolution
		SolutionGuid = {EF827B08-C571-47A4-B610-9B1A6CC81903}
	EndGlobalSection
EndGlobal
